# This file is @generated by PDM.
# It is not intended for manual editing.

[metadata]
groups = ["default"]
strategy = ["inherit_metadata"]
lock_version = "4.5.0"
content_hash = "sha256:a7b2b8538b2eba92aa674dc3c15ccc7d181fafdfabaa52c256d45a750ec8d369"

[[metadata.targets]]
requires_python = "==3.12.*"

[[package]]
name = "attrs"
version = "24.2.0"
requires_python = ">=3.7"
summary = "Classes Without Boilerplate"
groups = ["default"]
dependencies = [
    "importlib-metadata; python_version < \"3.8\"",
]
files = [
    {file = "attrs-24.2.0-py3-none-any.whl", hash = "sha256:81921eb96de3191c8258c199618104dd27ac608d9366f5e35d011eae1867ede2"},
    {file = "attrs-24.2.0.tar.gz", hash = "sha256:5cfb1b9148b5b086569baec03f20d7b6bf3bcacc9a42bebf87ffaaca362f6346"},
]

[[package]]
name = "aws-cdk-asset-awscli-v1"
version = "2.2.202"
requires_python = "~=3.8"
summary = "A library that contains the AWS CLI for use in Lambda Layers"
groups = ["default"]
dependencies = [
    "jsii<2.0.0,>=1.93.0",
    "publication>=0.0.3",
    "typeguard~=2.13.3",
]
files = [
    {file = "aws-cdk.asset-awscli-v1-2.2.202.tar.gz", hash = "sha256:3ef87d6530736b3a7b0f777fe3b4297994dd40c3ce9306d95f80f48fb18036e8"},
    {file = "aws_cdk.asset_awscli_v1-2.2.202-py3-none-any.whl", hash = "sha256:96205ea2e5e132ec52fabfff37ea25b9b859498f167d05b32564c949822cd331"},
]

[[package]]
name = "aws-cdk-asset-kubectl-v20"
version = "2.1.2"
requires_python = "~=3.7"
summary = "A library that contains kubectl for use in Lambda Layers"
groups = ["default"]
dependencies = [
    "jsii<2.0.0,>=1.70.0",
    "publication>=0.0.3",
    "typeguard~=2.13.3",
]
files = [
    {file = "aws-cdk.asset-kubectl-v20-2.1.2.tar.gz", hash = "sha256:346283e43018a43e3b3ca571de3f44e85d49c038dc20851894cb8f9b2052b164"},
    {file = "aws_cdk.asset_kubectl_v20-2.1.2-py3-none-any.whl", hash = "sha256:7f0617ab6cb942b066bd7174bf3e1f377e57878c3e1cddc21d6b2d13c92d0cc1"},
]

[[package]]
name = "aws-cdk-asset-node-proxy-agent-v6"
version = "2.1.0"
requires_python = "~=3.8"
summary = "@aws-cdk/asset-node-proxy-agent-v6"
groups = ["default"]
dependencies = [
    "jsii<2.0.0,>=1.103.1",
    "publication>=0.0.3",
    "typeguard<5.0.0,>=2.13.3",
]
files = [
    {file = "aws_cdk.asset_node_proxy_agent_v6-2.1.0-py3-none-any.whl", hash = "sha256:24a388b69a44d03bae6dbf864c4e25ba650d4b61c008b4568b94ffbb9a69e40e"},
    {file = "aws_cdk_asset_node_proxy_agent_v6-2.1.0.tar.gz", hash = "sha256:1f292c0631f86708ba4ee328b3a2b229f7e46ea1c79fbde567ee9eb119c2b0e2"},
]

[[package]]
name = "aws-cdk-cloud-assembly-schema"
version = "36.0.25"
requires_python = "~=3.8"
summary = "Cloud Assembly Schema"
groups = ["default"]
dependencies = [
    "jsii<2.0.0,>=1.103.1",
    "publication>=0.0.3",
    "typeguard<5.0.0,>=2.13.3",
]
files = [
    {file = "aws_cdk.cloud_assembly_schema-36.0.25-py3-none-any.whl", hash = "sha256:9d67a5135e99151c4e2e1e72e2e53e526ae80b4e4f3019e1899c4f58c4195b81"},
    {file = "aws_cdk_cloud_assembly_schema-36.0.25.tar.gz", hash = "sha256:f595a488237aafa04959942d0afbf7024bb0648c2b09c9dbc1a79935d2f523db"},
]

[[package]]
name = "aws-cdk-lib"
version = "2.158.0"
requires_python = "~=3.8"
summary = "Version 2 of the AWS Cloud Development Kit library"
groups = ["default"]
dependencies = [
    "aws-cdk-asset-awscli-v1<3.0.0,>=2.2.202",
    "aws-cdk-asset-kubectl-v20<3.0.0,>=2.1.2",
    "aws-cdk-asset-node-proxy-agent-v6<3.0.0,>=2.1.0",
    "aws-cdk-cloud-assembly-schema<37.0.0,>=36.0.24",
    "constructs<11.0.0,>=10.0.0",
    "jsii<2.0.0,>=1.103.1",
    "publication>=0.0.3",
    "typeguard<5.0.0,>=2.13.3",
]
files = [
    {file = "aws_cdk_lib-2.158.0-py3-none-any.whl", hash = "sha256:24b93419211e99dd9109223b9a9ba6496af3c5dee8add6cbb35c8aef82082758"},
    {file = "aws_cdk_lib-2.158.0.tar.gz", hash = "sha256:7917ef871914b027e3b4b5e29ddb219d21c53878cec0b2e629faefdbef095564"},
]

[[package]]
name = "cattrs"
version = "23.2.3"
requires_python = ">=3.8"
summary = "Composable complex class support for attrs and dataclasses."
groups = ["default"]
dependencies = [
    "attrs>=23.1.0",
    "exceptiongroup>=1.1.1; python_version < \"3.11\"",
    "typing-extensions!=4.6.3,>=4.1.0; python_version < \"3.11\"",
]
files = [
    {file = "cattrs-23.2.3-py3-none-any.whl", hash = "sha256:0341994d94971052e9ee70662542699a3162ea1e0c62f7ce1b4a57f563685108"},
    {file = "cattrs-23.2.3.tar.gz", hash = "sha256:a934090d95abaa9e911dac357e3a8699e0b4b14f8529bcc7d2b1ad9d51672b9f"},
]

[[package]]
name = "constructs"
version = "10.3.0"
requires_python = "~=3.7"
summary = "A programming model for software-defined state"
groups = ["default"]
dependencies = [
    "jsii<2.0.0,>=1.90.0",
    "publication>=0.0.3",
    "typeguard~=2.13.3",
]
files = [
    {file = "constructs-10.3.0-py3-none-any.whl", hash = "sha256:2972f514837565ff5b09171cfba50c0159dfa75ee86a42921ea8c86f2941b3d2"},
    {file = "constructs-10.3.0.tar.gz", hash = "sha256:518551135ec236f9cc6b86500f4fbbe83b803ccdc6c2cb7684e0b7c4d234e7b1"},
]

[[package]]
name = "importlib-resources"
version = "6.4.5"
requires_python = ">=3.8"
summary = "Read resources from Python packages"
groups = ["default"]
dependencies = [
    "zipp>=3.1.0; python_version < \"3.10\"",
]
files = [
    {file = "importlib_resources-6.4.5-py3-none-any.whl", hash = "sha256:ac29d5f956f01d5e4bb63102a5a19957f1b9175e45649977264a1416783bb717"},
    {file = "importlib_resources-6.4.5.tar.gz", hash = "sha256:980862a1d16c9e147a59603677fa2aa5fd82b87f223b6cb870695bcfce830065"},
]

[[package]]
name = "jsii"
version = "1.103.1"
requires_python = "~=3.8"
summary = "Python client for jsii runtime"
groups = ["default"]
dependencies = [
    "attrs<25.0,>=21.2",
    "cattrs<23.3,>=1.8",
    "importlib-resources>=5.2.0",
    "publication>=0.0.3",
    "python-dateutil",
    "typeguard<5.0.0,>=2.13.3",
    "typing-extensions<5.0,>=3.8",
]
files = [
    {file = "jsii-1.103.1-py3-none-any.whl", hash = "sha256:24b96349230ca22f50fcd69c501e69b6c486acf37bbe0b5869f4c185572b079e"},
    {file = "jsii-1.103.1.tar.gz", hash = "sha256:7eaa46e8cd9546edc6bba81d0b32df9f8ed8f5848305277d261cccfe00b9c1eb"},
]

[[package]]
name = "publication"
version = "0.0.3"
summary = "Publication helps you maintain public-api-friendly modules by preventing unintentional access to private implementation details via introspection."
groups = ["default"]
files = [
    {file = "publication-0.0.3-py2.py3-none-any.whl", hash = "sha256:0248885351febc11d8a1098d5c8e3ab2dabcf3e8c0c96db1e17ecd12b53afbe6"},
    {file = "publication-0.0.3.tar.gz", hash = "sha256:68416a0de76dddcdd2930d1c8ef853a743cc96c82416c4e4d3b5d901c6276dc4"},
]

[[package]]
name = "python-dateutil"
version = "2.9.0.post0"
requires_python = "!=3.0.*,!=3.1.*,!=3.2.*,>=2.7"
summary = "Extensions to the standard Python datetime module"
groups = ["default"]
dependencies = [
    "six>=1.5",
]
files = [
    {file = "python-dateutil-2.9.0.post0.tar.gz", hash = "sha256:37dd54208da7e1cd875388217d5e00ebd4179249f90fb72437e91a35459a0ad3"},
    {file = "python_dateutil-2.9.0.post0-py2.py3-none-any.whl", hash = "sha256:a8b2bc7bffae282281c8140a97d3aa9c14da0b136dfe83f850eea9a5f7470427"},
]

[[package]]
name = "six"
version = "1.16.0"
requires_python = ">=2.7, !=3.0.*, !=3.1.*, !=3.2.*"
summary = "Python 2 and 3 compatibility utilities"
groups = ["default"]
files = [
    {file = "six-1.16.0-py2.py3-none-any.whl", hash = "sha256:8abb2f1d86890a2dfb989f9a77cfcfd3e47c2a354b01111771326f8aa26e0254"},
    {file = "six-1.16.0.tar.gz", hash = "sha256:1e61c37477a1626458e36f7b1d82aa5c9b094fa4802892072e49de9c60c4c926"},
]

[[package]]
name = "typeguard"
version = "2.13.3"
requires_python = ">=3.5.3"
summary = "Run-time type checker for Python"
groups = ["default"]
files = [
    {file = "typeguard-2.13.3-py3-none-any.whl", hash = "sha256:5e3e3be01e887e7eafae5af63d1f36c849aaa94e3a0112097312aabfa16284f1"},
    {file = "typeguard-2.13.3.tar.gz", hash = "sha256:00edaa8da3a133674796cf5ea87d9f4b4c367d77476e185e80251cc13dfbb8c4"},
]

[[package]]
name = "typing-extensions"
version = "4.12.2"
requires_python = ">=3.8"
summary = "Backported and Experimental Type Hints for Python 3.8+"
groups = ["default"]
files = [
    {file = "typing_extensions-4.12.2-py3-none-any.whl", hash = "sha256:04e5ca0351e0f3f85c6853954072df659d0d13fac324d0072316b67d7794700d"},
    {file = "typing_extensions-4.12.2.tar.gz", hash = "sha256:1a7ead55c7e559dd4dee8856e3a88b41225abfe1ce8df57b7c13915fe121ffb8"},
]
